
Microsoft Visual Studio Solution File, Format Version 12.00
# Visual Studio Version 17
VisualStudioVersion = 17.5.002.0
MinimumVisualStudioVersion = 10.0.40219.1
Project("{9A19103F-16F7-4668-BE54-9A1E7A4F7556}") = "MyApiServer", "MyApiServer.csproj", "{EF45F7D7-DBC9-43C7-A806-AA866B7510FB}"
EndProject
Global
	GlobalSection(SolutionConfigurationPlatforms) = preSolution
		Debug|Any CPU = Debug|Any CPU
		Release|Any CPU = Release|Any CPU
	EndGlobalSection
	GlobalSection(ProjectConfigurationPlatforms) = postSolution
		{EF45F7D7-DBC9-43C7-A806-AA866B7510FB}.Debug|Any CPU.ActiveCfg = Debug|Any CPU
		{EF45F7D7-DBC9-43C7-A806-AA866B7510FB}.Debug|Any CPU.Build.0 = Debug|Any CPU
		{EF45F7D7-DBC9-43C7-A806-AA866B7510FB}.Release|Any CPU.ActiveCfg = Release|Any CPU
		{EF45F7D7-DBC9-43C7-A806-AA866B7510FB}.Release|Any CPU.Build.0 = Release|Any CPU
	EndGlobalSection
	GlobalSection(SolutionProperties) = preSolution
		HideSolutionNode = FALSE
	EndGlobalSection
	GlobalSection(ExtensibilityGlobals) = postSolution
		SolutionGuid = {3C0B7A64-DF75-4ED3-A6D5-4CB9488960D5}
	EndGlobalSection
EndGlobal
